
Microsoft Visual Studio Solution File, Format Version 12.00
# Visual Studio 15
VisualStudioVersion = 15.0.27004.2010
MinimumVisualStudioVersion = 10.0.40219.1
Project("{FAE04EC0-301F-11D3-BF4B-00C04F79EFBC}") = "ECommerce02", "ECommerce02\ECommerce02.csproj", "{4A48EA09-C20A-4D93-860F-2869D3EFEE8F}"
EndProject
Global
	GlobalSection(SolutionConfigurationPlatforms) = preSolution
		Debug|Any CPU = Debug|Any CPU
		Release|Any CPU = Release|Any CPU
	EndGlobalSection
	GlobalSection(ProjectConfigurationPlatforms) = postSolution
		{4A48EA09-C20A-4D93-860F-2869D3EFEE8F}.Debug|Any CPU.ActiveCfg = Debug|Any CPU
		{4A48EA09-C20A-4D93-860F-2869D3EFEE8F}.Debug|Any CPU.Build.0 = Debug|Any CPU
		{4A48EA09-C20A-4D93-860F-2869D3EFEE8F}.Release|Any CPU.ActiveCfg = Release|Any CPU
		{4A48EA09-C20A-4D93-860F-2869D3EFEE8F}.Release|Any CPU.Build.0 = Release|Any CPU
	EndGlobalSection
	GlobalSection(SolutionProperties) = preSolution
		HideSolutionNode = FALSE
	EndGlobalSection
	GlobalSection(ExtensibilityGlobals) = postSolution
		SolutionGuid = {710E6786-D5A1-4778-85C5-A0320282C62E}
	EndGlobalSection
EndGlobal
