
Microsoft Visual Studio Solution File, Format Version 12.00
# Visual Studio 15
VisualStudioVersion = 15.0.27004.2010
MinimumVisualStudioVersion = 10.0.40219.1
Project("{FAE04EC0-301F-11D3-BF4B-00C04F79EFBC}") = "WEB-APPS", "WEB-APPS\WEB-APPS.csproj", "{74619AAD-A518-4E66-B69C-A5882333A46B}"
EndProject
Project("{FAE04EC0-301F-11D3-BF4B-00C04F79EFBC}") = "MVC_web_no_Net_Core", "MVC_web_no_Net_Core\MVC_web_no_Net_Core.csproj", "{8E01E1CF-C53A-4D35-99D2-596175AC0B80}"
EndProject
Project("{FAE04EC0-301F-11D3-BF4B-00C04F79EFBC}") = "MVC_web_no_Net_Core.Tests", "MVC_web_no_Net_Core.Tests\MVC_web_no_Net_Core.Tests.csproj", "{BADB39B2-BA1E-4D9C-BDD1-F1F618D9553F}"
EndProject
Global
	GlobalSection(SolutionConfigurationPlatforms) = preSolution
		Debug|Any CPU = Debug|Any CPU
		Release|Any CPU = Release|Any CPU
	EndGlobalSection
	GlobalSection(ProjectConfigurationPlatforms) = postSolution
		{74619AAD-A518-4E66-B69C-A5882333A46B}.Debug|Any CPU.ActiveCfg = Debug|Any CPU
		{74619AAD-A518-4E66-B69C-A5882333A46B}.Debug|Any CPU.Build.0 = Debug|Any CPU
		{74619AAD-A518-4E66-B69C-A5882333A46B}.Release|Any CPU.ActiveCfg = Release|Any CPU
		{74619AAD-A518-4E66-B69C-A5882333A46B}.Release|Any CPU.Build.0 = Release|Any CPU
		{8E01E1CF-C53A-4D35-99D2-596175AC0B80}.Debug|Any CPU.ActiveCfg = Debug|Any CPU
		{8E01E1CF-C53A-4D35-99D2-596175AC0B80}.Debug|Any CPU.Build.0 = Debug|Any CPU
		{8E01E1CF-C53A-4D35-99D2-596175AC0B80}.Release|Any CPU.ActiveCfg = Release|Any CPU
		{8E01E1CF-C53A-4D35-99D2-596175AC0B80}.Release|Any CPU.Build.0 = Release|Any CPU
		{BADB39B2-BA1E-4D9C-BDD1-F1F618D9553F}.Debug|Any CPU.ActiveCfg = Debug|Any CPU
		{BADB39B2-BA1E-4D9C-BDD1-F1F618D9553F}.Debug|Any CPU.Build.0 = Debug|Any CPU
		{BADB39B2-BA1E-4D9C-BDD1-F1F618D9553F}.Release|Any CPU.ActiveCfg = Release|Any CPU
		{BADB39B2-BA1E-4D9C-BDD1-F1F618D9553F}.Release|Any CPU.Build.0 = Release|Any CPU
	EndGlobalSection
	GlobalSection(SolutionProperties) = preSolution
		HideSolutionNode = FALSE
	EndGlobalSection
	GlobalSection(ExtensibilityGlobals) = postSolution
		SolutionGuid = {ABEE0E7A-1A36-49BA-BC85-49ACE2178200}
	EndGlobalSection
EndGlobal
