
Microsoft Visual Studio Solution File, Format Version 12.00
# Visual Studio 15
VisualStudioVersion = 15.0.27004.2010
MinimumVisualStudioVersion = 10.0.40219.1
Project("{FAE04EC0-301F-11D3-BF4B-00C04F79EFBC}") = "RepositoryAspNetMVC", "RepositoryAspNetMVC\RepositoryAspNetMVC.csproj", "{7A767D8E-6D11-4BD2-936C-D730E9B800DF}"
EndProject
Global
	GlobalSection(SolutionConfigurationPlatforms) = preSolution
		Debug|Any CPU = Debug|Any CPU
		Release|Any CPU = Release|Any CPU
	EndGlobalSection
	GlobalSection(ProjectConfigurationPlatforms) = postSolution
		{7A767D8E-6D11-4BD2-936C-D730E9B800DF}.Debug|Any CPU.ActiveCfg = Debug|Any CPU
		{7A767D8E-6D11-4BD2-936C-D730E9B800DF}.Debug|Any CPU.Build.0 = Debug|Any CPU
		{7A767D8E-6D11-4BD2-936C-D730E9B800DF}.Release|Any CPU.ActiveCfg = Release|Any CPU
		{7A767D8E-6D11-4BD2-936C-D730E9B800DF}.Release|Any CPU.Build.0 = Release|Any CPU
	EndGlobalSection
	GlobalSection(SolutionProperties) = preSolution
		HideSolutionNode = FALSE
	EndGlobalSection
	GlobalSection(ExtensibilityGlobals) = postSolution
		SolutionGuid = {409BD57A-149A-4725-B0B2-92DC75909B0B}
	EndGlobalSection
EndGlobal
