
Microsoft Visual Studio Solution File, Format Version 12.00
# Visual Studio 15
VisualStudioVersion = 15.0.27004.2010
MinimumVisualStudioVersion = 10.0.40219.1
Project("{FAE04EC0-301F-11D3-BF4B-00C04F79EFBC}") = "WebAppPayPal", "WebAppPayPal\WebAppPayPal.csproj", "{17C44B3C-1562-434F-82EA-539DEA4E8EF0}"
EndProject
Global
	GlobalSection(SolutionConfigurationPlatforms) = preSolution
		Debug|Any CPU = Debug|Any CPU
		Release|Any CPU = Release|Any CPU
	EndGlobalSection
	GlobalSection(ProjectConfigurationPlatforms) = postSolution
		{17C44B3C-1562-434F-82EA-539DEA4E8EF0}.Debug|Any CPU.ActiveCfg = Debug|Any CPU
		{17C44B3C-1562-434F-82EA-539DEA4E8EF0}.Debug|Any CPU.Build.0 = Debug|Any CPU
		{17C44B3C-1562-434F-82EA-539DEA4E8EF0}.Release|Any CPU.ActiveCfg = Release|Any CPU
		{17C44B3C-1562-434F-82EA-539DEA4E8EF0}.Release|Any CPU.Build.0 = Release|Any CPU
	EndGlobalSection
	GlobalSection(SolutionProperties) = preSolution
		HideSolutionNode = FALSE
	EndGlobalSection
	GlobalSection(ExtensibilityGlobals) = postSolution
		SolutionGuid = {E43F3C89-ECBB-48BE-85E7-E1F723F56016}
	EndGlobalSection
EndGlobal
